{
  "name": "Instagram-userstyle",
  "lockfileVersion": 3,
  "requires": true,
  "packages": {
    "": {
      "dependencies": {
        "usercss-meta": "0.12.0"
      }
    },
    "node_modules/usercss-meta": {
      "version": "0.12.0",
      "resolved": "https://registry.npmjs.org/usercss-meta/-/usercss-meta-0.12.0.tgz",
      "integrity": "sha512-zKrXCKdpeIwtVe87omxGo9URf+7mbozduMZEg79dmT4KB3XJwfIkEi/Uk0PcTwR/nZLtAK1+k7isgbGB/g6E7Q==",
      "license": "MIT",
      "engines": {
        "node": ">=8.3"
      }
    }
  }
}
